
Microsoft Visual Studio Solution File, Format Version 12.00
# Visual Studio Version 17
VisualStudioVersion = 17.7.34221.43
MinimumVisualStudioVersion = 10.0.40219.1
Project("{9A19103F-16F7-4668-BE54-9A1E7A4F7556}") = "House Management Software", "House Management Software\House Management Software.csproj", "{2C5C00BB-70DC-4F59-B970-7A4DAB902E91}"
EndProject
Project("{2150E333-8FDC-42A3-9474-1A3956D46DE8}") = "Solution Items", "Solution Items", "{F2620C35-454B-4ADB-86AA-3C5B674B673E}"
	ProjectSection(SolutionItems) = preProject
		\\Mac\Home\Downloads\All_Data.csv = \\Mac\Home\Downloads\All_Data.csv
	EndProjectSection
EndProject
Global
	GlobalSection(SolutionConfigurationPlatforms) = preSolution
		Debug|Any CPU = Debug|Any CPU
		Release|Any CPU = Release|Any CPU
	EndGlobalSection
	GlobalSection(ProjectConfigurationPlatforms) = postSolution
		{2C5C00BB-70DC-4F59-B970-7A4DAB902E91}.Debug|Any CPU.ActiveCfg = Debug|Any CPU
		{2C5C00BB-70DC-4F59-B970-7A4DAB902E91}.Debug|Any CPU.Build.0 = Debug|Any CPU
		{2C5C00BB-70DC-4F59-B970-7A4DAB902E91}.Release|Any CPU.ActiveCfg = Release|Any CPU
		{2C5C00BB-70DC-4F59-B970-7A4DAB902E91}.Release|Any CPU.Build.0 = Release|Any CPU
	EndGlobalSection
	GlobalSection(SolutionProperties) = preSolution
		HideSolutionNode = FALSE
	EndGlobalSection
	GlobalSection(ExtensibilityGlobals) = postSolution
		SolutionGuid = {CC0F1761-2002-4B2F-ADC2-2A258E64B30A}
	EndGlobalSection
EndGlobal
